<?xml version="1.0" encoding="utf-8"?>
<Project ToolsVersion="4.0" xmlns="http://schemas.microsoft.com/developer/msbuild/2003">
  <ItemGroup>
    <Filter Include="Source Files">
      <UniqueIdentifier>{4FC737F1-C7A5-4376-A066-2A32D752A2FF}</UniqueIdentifier>
      <Extensions>cpp;c;cc;cxx;def;odl;idl;hpj;bat;asm;asmx</Extensions>
    </Filter>
    <Filter Include="Header Files">
      <UniqueIdentifier>{93995380-89BD-4b04-88EB-625FBE52EBFB}</UniqueIdentifier>
      <Extensions>h;hpp;hxx;hm;inl;inc;xsd</Extensions>
    </Filter>
    <Filter Include="Resource Files">
      <UniqueIdentifier>{67DA6AB6-F800-4c08-8B7A-83BB121AAD01}</UniqueIdentifier>
      <Extensions>rc;ico;cur;bmp;dlg;rc2;rct;bin;rgs;gif;jpg;jpeg;jpe;resx;tiff;tif;png;wav</Extensions>
    </Filter>
  </ItemGroup>
  <ItemGroup>
    <ClCompile Include="..\egcache.cpp">
      <Filter>Source Files</Filter>
    </ClCompile>
    <ClCompile Include="..\egcachebuf.cpp">
      <Filter>Source Files</Filter>
    </ClCompile>
    <ClCompile Include="..\egdecompress.cpp">
      <Filter>Source Files</Filter>
    </ClCompile>
    <ClCompile Include="..\egfilebuf.cpp">
      <Filter>Source Files</Filter>
    </ClCompile>
    <ClCompile Include="lomonosov_tb.cpp">
      <Filter>Source Files</Filter>
    </ClCompile>
    <ClCompile Include="..\egintflocal.cpp">
      <Filter>Source Files</Filter>
    </ClCompile>
    <ClCompile Include="..\egdecompre-pair.cpp">
      <Filter>Source Files</Filter>
    </ClCompile>
    <ClCompile Include="..\egtbfile.cpp">
      <Filter>Source Files</Filter>
    </ClCompile>
    <ClCompile Include="..\egpglobals.cpp">
      <Filter>Source Files</Filter>
    </ClCompile>
    <ClCompile Include="..\egsindex.cpp">
      <Filter>Source Files</Filter>
    </ClCompile>
    <ClCompile Include="..\egcachecontrol.cpp">
      <Filter>Source Files</Filter>
    </ClCompile>
    <ClCompile Include="lomonosov_tb_dll.cpp">
      <Filter>Source Files</Filter>
    </ClCompile>
    <ClCompile Include="..\egtbscanner.cpp">
      <Filter>Source Files</Filter>
    </ClCompile>
    <ClCompile Include="..\eglongprobes.cpp">
      <Filter>Source Files</Filter>
    </ClCompile>
  </ItemGroup>
  <ItemGroup>
    <ClInclude Include="..\egcache.h">
      <Filter>Header Files</Filter>
    </ClInclude>
    <ClInclude Include="..\egcachebuf.h">
      <Filter>Header Files</Filter>
    </ClInclude>
    <ClInclude Include="..\egdecompress.h">
      <Filter>Header Files</Filter>
    </ClInclude>
    <ClInclude Include="..\egfilebuf.h">
      <Filter>Header Files</Filter>
    </ClInclude>
    <ClInclude Include="lomonosov_tb.h">
      <Filter>Header Files</Filter>
    </ClInclude>
    <ClInclude Include="..\egintflocal.h">
      <Filter>Header Files</Filter>
    </ClInclude>
    <ClInclude Include="..\eginttypes.h">
      <Filter>Header Files</Filter>
    </ClInclude>
    <ClInclude Include="..\egdecompre-pair.h">
      <Filter>Header Files</Filter>
    </ClInclude>
    <ClInclude Include="..\egtbfile.h">
      <Filter>Header Files</Filter>
    </ClInclude>
    <ClInclude Include="..\egmaintypes.h">
      <Filter>Header Files</Filter>
    </ClInclude>
    <ClInclude Include="..\egsindex.h">
      <Filter>Header Files</Filter>
    </ClInclude>
    <ClInclude Include="..\egpglobals.h">
      <Filter>Header Files</Filter>
    </ClInclude>
    <ClInclude Include="..\egcachecontrol.h">
      <Filter>Header Files</Filter>
    </ClInclude>
    <ClInclude Include="lomonosov_tb_dll.h">
      <Filter>Header Files</Filter>
    </ClInclude>
    <ClInclude Include="..\egtbscanner.h">
      <Filter>Header Files</Filter>
    </ClInclude>
    <ClInclude Include="..\eglongprobes.h">
      <Filter>Header Files</Filter>
    </ClInclude>
  </ItemGroup>
</Project>